
Microsoft Visual Studio Solution File, Format Version 12.00
# Visual Studio 2012
Project("{FAE04EC0-301F-11D3-BF4B-00C04F79EFBC}") = "lab 2.2", "lab 2.2\lab 2.2.csproj", "{DA2569D7-22F0-4191-AD17-92F4E5BC44EF}"
EndProject
Global
	GlobalSection(SolutionConfigurationPlatforms) = preSolution
		Debug|Any CPU = Debug|Any CPU
		Release|Any CPU = Release|Any CPU
	EndGlobalSection
	GlobalSection(ProjectConfigurationPlatforms) = postSolution
		{DA2569D7-22F0-4191-AD17-92F4E5BC44EF}.Debug|Any CPU.ActiveCfg = Debug|Any CPU
		{DA2569D7-22F0-4191-AD17-92F4E5BC44EF}.Debug|Any CPU.Build.0 = Debug|Any CPU
		{DA2569D7-22F0-4191-AD17-92F4E5BC44EF}.Release|Any CPU.ActiveCfg = Release|Any CPU
		{DA2569D7-22F0-4191-AD17-92F4E5BC44EF}.Release|Any CPU.Build.0 = Release|Any CPU
	EndGlobalSection
	GlobalSection(SolutionProperties) = preSolution
		HideSolutionNode = FALSE
	EndGlobalSection
EndGlobal
